
Microsoft Visual Studio Solution File, Format Version 12.00
Project("{FAE04EC0-301F-11D3-BF4B-00C04F79EFBC}") = "IS_Lab1_XML", "IS_Lab1_XML\IS_Lab1_XML.csproj", "{8868E2C5-2288-46C9-A149-F8033B1B97B8}"
EndProject
Global
	GlobalSection(SolutionConfigurationPlatforms) = preSolution
		Debug|Any CPU = Debug|Any CPU
		Release|Any CPU = Release|Any CPU
	EndGlobalSection
	GlobalSection(ProjectConfigurationPlatforms) = postSolution
		{8868E2C5-2288-46C9-A149-F8033B1B97B8}.Debug|Any CPU.ActiveCfg = Debug|Any CPU
		{8868E2C5-2288-46C9-A149-F8033B1B97B8}.Debug|Any CPU.Build.0 = Debug|Any CPU
		{8868E2C5-2288-46C9-A149-F8033B1B97B8}.Release|Any CPU.ActiveCfg = Release|Any CPU
		{8868E2C5-2288-46C9-A149-F8033B1B97B8}.Release|Any CPU.Build.0 = Release|Any CPU
	EndGlobalSection
EndGlobal
